
Microsoft Visual Studio Solution File, Format Version 12.00
# Visual Studio Version 16
VisualStudioVersion = 16.0.30128.74
MinimumVisualStudioVersion = 10.0.40219.1
Project("{FAE04EC0-301F-11D3-BF4B-00C04F79EFBC}") = "Docdown", "Docdown\Docdown.csproj", "{18765805-BCC8-4905-8BA5-05D4688E3824}"
EndProject
Project("{FAE04EC0-301F-11D3-BF4B-00C04F79EFBC}") = "PandocMark", "PandocMark\PandocMark.csproj", "{D2A0E47B-34E5-43EA-A648-2B19C76314D0}"
EndProject
Global
	GlobalSection(SolutionConfigurationPlatforms) = preSolution
		Debug|Any CPU = Debug|Any CPU
		Release|Any CPU = Release|Any CPU
	EndGlobalSection
	GlobalSection(ProjectConfigurationPlatforms) = postSolution
		{18765805-BCC8-4905-8BA5-05D4688E3824}.Debug|Any CPU.ActiveCfg = Debug|Any CPU
		{18765805-BCC8-4905-8BA5-05D4688E3824}.Debug|Any CPU.Build.0 = Debug|Any CPU
		{18765805-BCC8-4905-8BA5-05D4688E3824}.Release|Any CPU.ActiveCfg = Release|Any CPU
		{18765805-BCC8-4905-8BA5-05D4688E3824}.Release|Any CPU.Build.0 = Release|Any CPU
		{D2A0E47B-34E5-43EA-A648-2B19C76314D0}.Debug|Any CPU.ActiveCfg = Debug|Any CPU
		{D2A0E47B-34E5-43EA-A648-2B19C76314D0}.Debug|Any CPU.Build.0 = Debug|Any CPU
		{D2A0E47B-34E5-43EA-A648-2B19C76314D0}.Release|Any CPU.ActiveCfg = Release|Any CPU
		{D2A0E47B-34E5-43EA-A648-2B19C76314D0}.Release|Any CPU.Build.0 = Release|Any CPU
	EndGlobalSection
	GlobalSection(SolutionProperties) = preSolution
		HideSolutionNode = FALSE
	EndGlobalSection
	GlobalSection(ExtensibilityGlobals) = postSolution
		SolutionGuid = {B5C3B968-FF17-40F5-A722-1A05016EF87E}
	EndGlobalSection
EndGlobal
